// !$*UTF8*$!
{
	archiveVersion = 1;
	classes = {
	};
	objectVersion = 56;
	objects = {

/* Begin PBXBuildFile section */
		532619832AF351DF00251F71 /* TelegramCloneApp.swift in Sources */ = {isa = PBXBuildFile; fileRef = 532619822AF351DF00251F71 /* TelegramCloneApp.swift */; };
		532619852AF351DF00251F71 /* ContentView.swift in Sources */ = {isa = PBXBuildFile; fileRef = 532619842AF351DF00251F71 /* ContentView.swift */; };
		532619872AF351E000251F71 /* Assets.xcassets in Resources */ = {isa = PBXBuildFile; fileRef = 532619862AF351E000251F71 /* Assets.xcassets */; };
		5326198A2AF351E000251F71 /* Preview Assets.xcassets in Resources */ = {isa = PBXBuildFile; fileRef = 532619892AF351E000251F71 /* Preview Assets.xcassets */; };
		532619932AF3527500251F71 /* HomeView.swift in Sources */ = {isa = PBXBuildFile; fileRef = 532619922AF3527500251F71 /* HomeView.swift */; };
		532619962AF3560F00251F71 /* Color.swift in Sources */ = {isa = PBXBuildFile; fileRef = 532619952AF3560F00251F71 /* Color.swift */; };
		532619992AF358A900251F71 /* ChatListItemModel.swift in Sources */ = {isa = PBXBuildFile; fileRef = 532619982AF358A900251F71 /* ChatListItemModel.swift */; };
		5326199C2AF370DD00251F71 /* ChatListView.swift in Sources */ = {isa = PBXBuildFile; fileRef = 5326199B2AF370DD00251F71 /* ChatListView.swift */; };
		5326199F2AF3714700251F71 /* HoverEffectIcon.swift in Sources */ = {isa = PBXBuildFile; fileRef = 5326199E2AF3714700251F71 /* HoverEffectIcon.swift */; };
		532619A12AF3716900251F71 /* SearchField.swift in Sources */ = {isa = PBXBuildFile; fileRef = 532619A02AF3716900251F71 /* SearchField.swift */; };
		532619A42AF371FE00251F71 /* ConversationView.swift in Sources */ = {isa = PBXBuildFile; fileRef = 532619A32AF371FE00251F71 /* ConversationView.swift */; };
		532619A62AF3985C00251F71 /* MessageItemModel.swift in Sources */ = {isa = PBXBuildFile; fileRef = 532619A52AF3985C00251F71 /* MessageItemModel.swift */; };
		532619AC2AF3A62A00251F71 /* DummyChatData.swift in Sources */ = {isa = PBXBuildFile; fileRef = 532619AB2AF3A62A00251F71 /* DummyChatData.swift */; };
		532619AE2AF3ACB200251F71 /* DummyConversationData.swift in Sources */ = {isa = PBXBuildFile; fileRef = 532619AD2AF3ACB200251F71 /* DummyConversationData.swift */; };
/* End PBXBuildFile section */

/* Begin PBXFileReference section */
		5326197F2AF351DF00251F71 /* TelegramClone.app */ = {isa = PBXFileReference; explicitFileType = wrapper.application; includeInIndex = 0; path = TelegramClone.app; sourceTree = BUILT_PRODUCTS_DIR; };
		532619822AF351DF00251F71 /* TelegramCloneApp.swift */ = {isa = PBXFileReference; lastKnownFileType = sourcecode.swift; path = TelegramCloneApp.swift; sourceTree = "<group>"; };
		532619842AF351DF00251F71 /* ContentView.swift */ = {isa = PBXFileReference; lastKnownFileType = sourcecode.swift; path = ContentView.swift; sourceTree = "<group>"; };
		532619862AF351E000251F71 /* Assets.xcassets */ = {isa = PBXFileReference; lastKnownFileType = folder.assetcatalog; path = Assets.xcassets; sourceTree = "<group>"; };
		532619892AF351E000251F71 /* Preview Assets.xcassets */ = {isa = PBXFileReference; lastKnownFileType = folder.assetcatalog; path = "Preview Assets.xcassets"; sourceTree = "<group>"; };
		5326198B2AF351E000251F71 /* TelegramClone.entitlements */ = {isa = PBXFileReference; lastKnownFileType = text.plist.entitlements; path = TelegramClone.entitlements; sourceTree = "<group>"; };
		532619922AF3527500251F71 /* HomeView.swift */ = {isa = PBXFileReference; lastKnownFileType = sourcecode.swift; path = HomeView.swift; sourceTree = "<group>"; };
		532619952AF3560F00251F71 /* Color.swift */ = {isa = PBXFileReference; lastKnownFileType = sourcecode.swift; path = Color.swift; sourceTree = "<group>"; };
		532619982AF358A900251F71 /* ChatListItemModel.swift */ = {isa = PBXFileReference; lastKnownFileType = sourcecode.swift; path = ChatListItemModel.swift; sourceTree = "<group>"; };
		5326199B2AF370DD00251F71 /* ChatListView.swift */ = {isa = PBXFileReference; lastKnownFileType = sourcecode.swift; path = ChatListView.swift; sourceTree = "<group>"; };
		5326199E2AF3714700251F71 /* HoverEffectIcon.swift */ = {isa = PBXFileReference; lastKnownFileType = sourcecode.swift; path = HoverEffectIcon.swift; sourceTree = "<group>"; };
		532619A02AF3716900251F71 /* SearchField.swift */ = {isa = PBXFileReference; lastKnownFileType = sourcecode.swift; path = SearchField.swift; sourceTree = "<group>"; };
		532619A32AF371FE00251F71 /* ConversationView.swift */ = {isa = PBXFileReference; lastKnownFileType = sourcecode.swift; path = ConversationView.swift; sourceTree = "<group>"; };
		532619A52AF3985C00251F71 /* MessageItemModel.swift */ = {isa = PBXFileReference; lastKnownFileType = sourcecode.swift; path = MessageItemModel.swift; sourceTree = "<group>"; };
		532619AB2AF3A62A00251F71 /* DummyChatData.swift */ = {isa = PBXFileReference; lastKnownFileType = sourcecode.swift; path = DummyChatData.swift; sourceTree = "<group>"; };
		532619AD2AF3ACB200251F71 /* DummyConversationData.swift */ = {isa = PBXFileReference; lastKnownFileType = sourcecode.swift; path = DummyConversationData.swift; sourceTree = "<group>"; };
/* End PBXFileReference section */

/* Begin PBXFrameworksBuildPhase section */
		5326197C2AF351DF00251F71 /* Frameworks */ = {
			isa = PBXFrameworksBuildPhase;
			buildActionMask = 2147483647;
			files = (
			);
			runOnlyForDeploymentPostprocessing = 0;
		};
/* End PBXFrameworksBuildPhase section */

/* Begin PBXGroup section */
		532619762AF351DF00251F71 = {
			isa = PBXGroup;
			children = (
				532619812AF351DF00251F71 /* TelegramClone */,
				532619802AF351DF00251F71 /* Products */,
			);
			sourceTree = "<group>";
		};
		532619802AF351DF00251F71 /* Products */ = {
			isa = PBXGroup;
			children = (
				5326197F2AF351DF00251F71 /* TelegramClone.app */,
			);
			name = Products;
			sourceTree = "<group>";
		};
		532619812AF351DF00251F71 /* TelegramClone */ = {
			isa = PBXGroup;
			children = (
				532619A72AF39CEF00251F71 /* DummyData */,
				532619972AF3589A00251F71 /* Model */,
				532619912AF3525C00251F71 /* Views */,
				532619822AF351DF00251F71 /* TelegramCloneApp.swift */,
				532619842AF351DF00251F71 /* ContentView.swift */,
				532619862AF351E000251F71 /* Assets.xcassets */,
				5326198B2AF351E000251F71 /* TelegramClone.entitlements */,
				532619882AF351E000251F71 /* Preview Content */,
			);
			path = TelegramClone;
			sourceTree = "<group>";
		};
		532619882AF351E000251F71 /* Preview Content */ = {
			isa = PBXGroup;
			children = (
				532619892AF351E000251F71 /* Preview Assets.xcassets */,
			);
			path = "Preview Content";
			sourceTree = "<group>";
		};
		532619912AF3525C00251F71 /* Views */ = {
			isa = PBXGroup;
			children = (
				532619A22AF371DF00251F71 /* ConversationView */,
				5326199D2AF3713C00251F71 /* Widgets */,
				5326199A2AF370CC00251F71 /* ChatList */,
				532619942AF3560000251F71 /* Extensions */,
				532619922AF3527500251F71 /* HomeView.swift */,
			);
			path = Views;
			sourceTree = "<group>";
		};
		532619942AF3560000251F71 /* Extensions */ = {
			isa = PBXGroup;
			children = (
				532619952AF3560F00251F71 /* Color.swift */,
			);
			path = Extensions;
			sourceTree = "<group>";
		};
		532619972AF3589A00251F71 /* Model */ = {
			isa = PBXGroup;
			children = (
				532619982AF358A900251F71 /* ChatListItemModel.swift */,
				532619A52AF3985C00251F71 /* MessageItemModel.swift */,
			);
			path = Model;
			sourceTree = "<group>";
		};
		5326199A2AF370CC00251F71 /* ChatList */ = {
			isa = PBXGroup;
			children = (
				5326199B2AF370DD00251F71 /* ChatListView.swift */,
				532619A02AF3716900251F71 /* SearchField.swift */,
			);
			path = ChatList;
			sourceTree = "<group>";
		};
		5326199D2AF3713C00251F71 /* Widgets */ = {
			isa = PBXGroup;
			children = (
				5326199E2AF3714700251F71 /* HoverEffectIcon.swift */,
			);
			path = Widgets;
			sourceTree = "<group>";
		};
		532619A22AF371DF00251F71 /* ConversationView */ = {
			isa = PBXGroup;
			children = (
				532619A32AF371FE00251F71 /* ConversationView.swift */,
			);
			path = ConversationView;
			sourceTree = "<group>";
		};
		532619A72AF39CEF00251F71 /* DummyData */ = {
			isa = PBXGroup;
			children = (
				532619AB2AF3A62A00251F71 /* DummyChatData.swift */,
				532619AD2AF3ACB200251F71 /* DummyConversationData.swift */,
			);
			path = DummyData;
			sourceTree = "<group>";
		};
/* End PBXGroup section */

/* Begin PBXNativeTarget section */
		5326197E2AF351DF00251F71 /* TelegramClone */ = {
			isa = PBXNativeTarget;
			buildConfigurationList = 5326198E2AF351E000251F71 /* Build configuration list for PBXNativeTarget "TelegramClone" */;
			buildPhases = (
				5326197B2AF351DF00251F71 /* Sources */,
				5326197C2AF351DF00251F71 /* Frameworks */,
				5326197D2AF351DF00251F71 /* Resources */,
			);
			buildRules = (
			);
			dependencies = (
			);
			name = TelegramClone;
			productName = TelegramClone;
			productReference = 5326197F2AF351DF00251F71 /* TelegramClone.app */;
			productType = "com.apple.product-type.application";
		};
/* End PBXNativeTarget section */

/* Begin PBXProject section */
		532619772AF351DF00251F71 /* Project object */ = {
			isa = PBXProject;
			attributes = {
				BuildIndependentTargetsInParallel = 1;
				LastSwiftUpdateCheck = 1500;
				LastUpgradeCheck = 1500;
				TargetAttributes = {
					5326197E2AF351DF00251F71 = {
						CreatedOnToolsVersion = 15.0;
					};
				};
			};
			buildConfigurationList = 5326197A2AF351DF00251F71 /* Build configuration list for PBXProject "TelegramClone" */;
			compatibilityVersion = "Xcode 14.0";
			developmentRegion = en;
			hasScannedForEncodings = 0;
			knownRegions = (
				en,
				Base,
			);
			mainGroup = 532619762AF351DF00251F71;
			productRefGroup = 532619802AF351DF00251F71 /* Products */;
			projectDirPath = "";
			projectRoot = "";
			targets = (
				5326197E2AF351DF00251F71 /* TelegramClone */,
			);
		};
/* End PBXProject section */

/* Begin PBXResourcesBuildPhase section */
		5326197D2AF351DF00251F71 /* Resources */ = {
			isa = PBXResourcesBuildPhase;
			buildActionMask = 2147483647;
			files = (
				5326198A2AF351E000251F71 /* Preview Assets.xcassets in Resources */,
				532619872AF351E000251F71 /* Assets.xcassets in Resources */,
			);
			runOnlyForDeploymentPostprocessing = 0;
		};
/* End PBXResourcesBuildPhase section */

/* Begin PBXSourcesBuildPhase section */
		5326197B2AF351DF00251F71 /* Sources */ = {
			isa = PBXSourcesBuildPhase;
			buildActionMask = 2147483647;
			files = (
				5326199F2AF3714700251F71 /* HoverEffectIcon.swift in Sources */,
				532619932AF3527500251F71 /* HomeView.swift in Sources */,
				532619962AF3560F00251F71 /* Color.swift in Sources */,
				532619852AF351DF00251F71 /* ContentView.swift in Sources */,
				532619992AF358A900251F71 /* ChatListItemModel.swift in Sources */,
				5326199C2AF370DD00251F71 /* ChatListView.swift in Sources */,
				532619A62AF3985C00251F71 /* MessageItemModel.swift in Sources */,
				532619A12AF3716900251F71 /* SearchField.swift in Sources */,
				532619832AF351DF00251F71 /* TelegramCloneApp.swift in Sources */,
				532619AC2AF3A62A00251F71 /* DummyChatData.swift in Sources */,
				532619A42AF371FE00251F71 /* ConversationView.swift in Sources */,
				532619AE2AF3ACB200251F71 /* DummyConversationData.swift in Sources */,
			);
			runOnlyForDeploymentPostprocessing = 0;
		};
/* End PBXSourcesBuildPhase section */

/* Begin XCBuildConfiguration section */
		5326198C2AF351E000251F71 /* Debug */ = {
			isa = XCBuildConfiguration;
			buildSettings = {
				ALWAYS_SEARCH_USER_PATHS = NO;
				ASSETCATALOG_COMPILER_GENERATE_SWIFT_ASSET_SYMBOL_EXTENSIONS = YES;
				CLANG_ANALYZER_NONNULL = YES;
				CLANG_ANALYZER_NUMBER_OBJECT_CONVERSION = YES_AGGRESSIVE;
				CLANG_CXX_LANGUAGE_STANDARD = "gnu++20";
				CLANG_ENABLE_MODULES = YES;
				CLANG_ENABLE_OBJC_ARC = YES;
				CLANG_ENABLE_OBJC_WEAK = YES;
				CLANG_WARN_BLOCK_CAPTURE_AUTORELEASING = YES;
				CLANG_WARN_BOOL_CONVERSION = YES;
				CLANG_WARN_COMMA = YES;
				CLANG_WARN_CONSTANT_CONVERSION = YES;
				CLANG_WARN_DEPRECATED_OBJC_IMPLEMENTATIONS = YES;
				CLANG_WARN_DIRECT_OBJC_ISA_USAGE = YES_ERROR;
				CLANG_WARN_DOCUMENTATION_COMMENTS = YES;
				CLANG_WARN_EMPTY_BODY = YES;
				CLANG_WARN_ENUM_CONVERSION = YES;
				CLANG_WARN_INFINITE_RECURSION = YES;
				CLANG_WARN_INT_CONVERSION = YES;
				CLANG_WARN_NON_LITERAL_NULL_CONVERSION = YES;
				CLANG_WARN_OBJC_IMPLICIT_RETAIN_SELF = YES;
				CLANG_WARN_OBJC_LITERAL_CONVERSION = YES;
				CLANG_WARN_OBJC_ROOT_CLASS = YES_ERROR;
				CLANG_WARN_QUOTED_INCLUDE_IN_FRAMEWORK_HEADER = YES;
				CLANG_WARN_RANGE_LOOP_ANALYSIS = YES;
				CLANG_WARN_STRICT_PROTOTYPES = YES;
				CLANG_WARN_SUSPICIOUS_MOVE = YES;
				CLANG_WARN_UNGUARDED_AVAILABILITY = YES_AGGRESSIVE;
				CLANG_WARN_UNREACHABLE_CODE = YES;
				CLANG_WARN__DUPLICATE_METHOD_MATCH = YES;
				COPY_PHASE_STRIP = NO;
				DEBUG_INFORMATION_FORMAT = dwarf;
				ENABLE_STRICT_OBJC_MSGSEND = YES;
				ENABLE_TESTABILITY = YES;
				ENABLE_USER_SCRIPT_SANDBOXING = YES;
				GCC_C_LANGUAGE_STANDARD = gnu17;
				GCC_DYNAMIC_NO_PIC = NO;
				GCC_NO_COMMON_BLOCKS = YES;
				GCC_OPTIMIZATION_LEVEL = 0;
				GCC_PREPROCESSOR_DEFINITIONS = (
					"DEBUG=1",
					"$(inherited)",
				);
				GCC_WARN_64_TO_32_BIT_CONVERSION = YES;
				GCC_WARN_ABOUT_RETURN_TYPE = YES_ERROR;
				GCC_WARN_UNDECLARED_SELECTOR = YES;
				GCC_WARN_UNINITIALIZED_AUTOS = YES_AGGRESSIVE;
				GCC_WARN_UNUSED_FUNCTION = YES;
				GCC_WARN_UNUSED_VARIABLE = YES;
				LOCALIZATION_PREFERS_STRING_CATALOGS = YES;
				MACOSX_DEPLOYMENT_TARGET = 13.5;
				MTL_ENABLE_DEBUG_INFO = INCLUDE_SOURCE;
				MTL_FAST_MATH = YES;
				ONLY_ACTIVE_ARCH = YES;
				SDKROOT = macosx;
				SWIFT_ACTIVE_COMPILATION_CONDITIONS = "DEBUG $(inherited)";
				SWIFT_OPTIMIZATION_LEVEL = "-Onone";
			};
			name = Debug;
		};
		5326198D2AF351E000251F71 /* Release */ = {
			isa = XCBuildConfiguration;
			buildSettings = {
				ALWAYS_SEARCH_USER_PATHS = NO;
				ASSETCATALOG_COMPILER_GENERATE_SWIFT_ASSET_SYMBOL_EXTENSIONS = YES;
				CLANG_ANALYZER_NONNULL = YES;
				CLANG_ANALYZER_NUMBER_OBJECT_CONVERSION = YES_AGGRESSIVE;
				CLANG_CXX_LANGUAGE_STANDARD = "gnu++20";
				CLANG_ENABLE_MODULES = YES;
				CLANG_ENABLE_OBJC_ARC = YES;
				CLANG_ENABLE_OBJC_WEAK = YES;
				CLANG_WARN_BLOCK_CAPTURE_AUTORELEASING = YES;
				CLANG_WARN_BOOL_CONVERSION = YES;
				CLANG_WARN_COMMA = YES;
				CLANG_WARN_CONSTANT_CONVERSION = YES;
				CLANG_WARN_DEPRECATED_OBJC_IMPLEMENTATIONS = YES;
				CLANG_WARN_DIRECT_OBJC_ISA_USAGE = YES_ERROR;
				CLANG_WARN_DOCUMENTATION_COMMENTS = YES;
				CLANG_WARN_EMPTY_BODY = YES;
				CLANG_WARN_ENUM_CONVERSION = YES;
				CLANG_WARN_INFINITE_RECURSION = YES;
				CLANG_WARN_INT_CONVERSION = YES;
				CLANG_WARN_NON_LITERAL_NULL_CONVERSION = YES;
				CLANG_WARN_OBJC_IMPLICIT_RETAIN_SELF = YES;
				CLANG_WARN_OBJC_LITERAL_CONVERSION = YES;
				CLANG_WARN_OBJC_ROOT_CLASS = YES_ERROR;
				CLANG_WARN_QUOTED_INCLUDE_IN_FRAMEWORK_HEADER = YES;
				CLANG_WARN_RANGE_LOOP_ANALYSIS = YES;
				CLANG_WARN_STRICT_PROTOTYPES = YES;
				CLANG_WARN_SUSPICIOUS_MOVE = YES;
				CLANG_WARN_UNGUARDED_AVAILABILITY = YES_AGGRESSIVE;
				CLANG_WARN_UNREACHABLE_CODE = YES;
				CLANG_WARN__DUPLICATE_METHOD_MATCH = YES;
				COPY_PHASE_STRIP = NO;
				DEBUG_INFORMATION_FORMAT = "dwarf-with-dsym";
				ENABLE_NS_ASSERTIONS = NO;
				ENABLE_STRICT_OBJC_MSGSEND = YES;
				ENABLE_USER_SCRIPT_SANDBOXING = YES;
				GCC_C_LANGUAGE_STANDARD = gnu17;
				GCC_NO_COMMON_BLOCKS = YES;
				GCC_WARN_64_TO_32_BIT_CONVERSION = YES;
				GCC_WARN_ABOUT_RETURN_TYPE = YES_ERROR;
				GCC_WARN_UNDECLARED_SELECTOR = YES;
				GCC_WARN_UNINITIALIZED_AUTOS = YES_AGGRESSIVE;
				GCC_WARN_UNUSED_FUNCTION = YES;
				GCC_WARN_UNUSED_VARIABLE = YES;
				LOCALIZATION_PREFERS_STRING_CATALOGS = YES;
				MACOSX_DEPLOYMENT_TARGET = 13.5;
				MTL_ENABLE_DEBUG_INFO = NO;
				MTL_FAST_MATH = YES;
				SDKROOT = macosx;
				SWIFT_COMPILATION_MODE = wholemodule;
			};
			name = Release;
		};
		5326198F2AF351E000251F71 /* Debug */ = {
			isa = XCBuildConfiguration;
			buildSettings = {
				ASSETCATALOG_COMPILER_APPICON_NAME = AppIcon;
				ASSETCATALOG_COMPILER_GLOBAL_ACCENT_COLOR_NAME = AccentColor;
				CODE_SIGN_ENTITLEMENTS = TelegramClone/TelegramClone.entitlements;
				CODE_SIGN_STYLE = Automatic;
				COMBINE_HIDPI_IMAGES = YES;
				CURRENT_PROJECT_VERSION = 1;
				DEVELOPMENT_ASSET_PATHS = "\"TelegramClone/Preview Content\"";
				DEVELOPMENT_TEAM = JT5DTT33BW;
				ENABLE_HARDENED_RUNTIME = YES;
				ENABLE_PREVIEWS = YES;
				GENERATE_INFOPLIST_FILE = YES;
				INFOPLIST_KEY_NSHumanReadableCopyright = "";
				LD_RUNPATH_SEARCH_PATHS = (
					"$(inherited)",
					"@executable_path/../Frameworks",
				);
				MACOSX_DEPLOYMENT_TARGET = 13.0;
				MARKETING_VERSION = 1.0;
				PRODUCT_BUNDLE_IDENTIFIER = com.study.macapp.TelegramClone;
				PRODUCT_NAME = "$(TARGET_NAME)";
				SWIFT_EMIT_LOC_STRINGS = YES;
				SWIFT_VERSION = 5.0;
			};
			name = Debug;
		};
		532619902AF351E000251F71 /* Release */ = {
			isa = XCBuildConfiguration;
			buildSettings = {
				ASSETCATALOG_COMPILER_APPICON_NAME = AppIcon;
				ASSETCATALOG_COMPILER_GLOBAL_ACCENT_COLOR_NAME = AccentColor;
				CODE_SIGN_ENTITLEMENTS = TelegramClone/TelegramClone.entitlements;
				CODE_SIGN_STYLE = Automatic;
				COMBINE_HIDPI_IMAGES = YES;
				CURRENT_PROJECT_VERSION = 1;
				DEVELOPMENT_ASSET_PATHS = "\"TelegramClone/Preview Content\"";
				DEVELOPMENT_TEAM = JT5DTT33BW;
				ENABLE_HARDENED_RUNTIME = YES;
				ENABLE_PREVIEWS = YES;
				GENERATE_INFOPLIST_FILE = YES;
				INFOPLIST_KEY_NSHumanReadableCopyright = "";
				LD_RUNPATH_SEARCH_PATHS = (
					"$(inherited)",
					"@executable_path/../Frameworks",
				);
				MACOSX_DEPLOYMENT_TARGET = 13.0;
				MARKETING_VERSION = 1.0;
				PRODUCT_BUNDLE_IDENTIFIER = com.study.macapp.TelegramClone;
				PRODUCT_NAME = "$(TARGET_NAME)";
				SWIFT_EMIT_LOC_STRINGS = YES;
				SWIFT_VERSION = 5.0;
			};
			name = Release;
		};
/* End XCBuildConfiguration section */

/* Begin XCConfigurationList section */
		5326197A2AF351DF00251F71 /* Build configuration list for PBXProject "TelegramClone" */ = {
			isa = XCConfigurationList;
			buildConfigurations = (
				5326198C2AF351E000251F71 /* Debug */,
				5326198D2AF351E000251F71 /* Release */,
			);
			defaultConfigurationIsVisible = 0;
			defaultConfigurationName = Release;
		};
		5326198E2AF351E000251F71 /* Build configuration list for PBXNativeTarget "TelegramClone" */ = {
			isa = XCConfigurationList;
			buildConfigurations = (
				5326198F2AF351E000251F71 /* Debug */,
				532619902AF351E000251F71 /* Release */,
			);
			defaultConfigurationIsVisible = 0;
			defaultConfigurationName = Release;
		};
/* End XCConfigurationList section */
	};
	rootObject = 532619772AF351DF00251F71 /* Project object */;
}
